
Microsoft Visual Studio Solution File, Format Version 12.00
# Visual Studio Version 17
VisualStudioVersion = 17.4.33403.182
MinimumVisualStudioVersion = 10.0.40219.1
Project("{FAE04EC0-301F-11D3-BF4B-00C04F79EFBC}") = "Zad2Lekcii", "Zad1Lekcii\Zad2Lekcii.csproj", "{CB4E5545-EFCB-4D4D-B0A2-30DE85AD99A2}"
EndProject
Project("{FAE04EC0-301F-11D3-BF4B-00C04F79EFBC}") = "Zad1", "Zad2\Zad1.csproj", "{D0BFCD58-4FAE-4E46-986C-2D755A6D3DE5}"
EndProject
Project("{FAE04EC0-301F-11D3-BF4B-00C04F79EFBC}") = "Zad3", "Zad3\Zad3.csproj", "{1B29FFC2-42F4-4E00-8F0B-393BB2308368}"
EndProject
Project("{FAE04EC0-301F-11D3-BF4B-00C04F79EFBC}") = "Zad4", "Zad4\Zad4.csproj", "{62EA053C-21A2-4D4A-B77A-13A6EDB643C6}"
EndProject
Project("{FAE04EC0-301F-11D3-BF4B-00C04F79EFBC}") = "Zad5", "Zad5\Zad5.csproj", "{3CE135EA-44D1-4472-A44C-44CACA66714E}"
EndProject
Project("{FAE04EC0-301F-11D3-BF4B-00C04F79EFBC}") = "Zad6", "Zad6\Zad6.csproj", "{6915C75C-4089-433B-9C09-3401AF7D59F7}"
EndProject
Project("{FAE04EC0-301F-11D3-BF4B-00C04F79EFBC}") = "Zad7", "Zad7\Zad7.csproj", "{776AC619-30ED-4F82-B2A4-1645E0156941}"
EndProject
Global
	GlobalSection(SolutionConfigurationPlatforms) = preSolution
		Debug|Any CPU = Debug|Any CPU
		Release|Any CPU = Release|Any CPU
	EndGlobalSection
	GlobalSection(ProjectConfigurationPlatforms) = postSolution
		{CB4E5545-EFCB-4D4D-B0A2-30DE85AD99A2}.Debug|Any CPU.ActiveCfg = Debug|Any CPU
		{CB4E5545-EFCB-4D4D-B0A2-30DE85AD99A2}.Debug|Any CPU.Build.0 = Debug|Any CPU
		{CB4E5545-EFCB-4D4D-B0A2-30DE85AD99A2}.Release|Any CPU.ActiveCfg = Release|Any CPU
		{CB4E5545-EFCB-4D4D-B0A2-30DE85AD99A2}.Release|Any CPU.Build.0 = Release|Any CPU
		{D0BFCD58-4FAE-4E46-986C-2D755A6D3DE5}.Debug|Any CPU.ActiveCfg = Debug|Any CPU
		{D0BFCD58-4FAE-4E46-986C-2D755A6D3DE5}.Debug|Any CPU.Build.0 = Debug|Any CPU
		{D0BFCD58-4FAE-4E46-986C-2D755A6D3DE5}.Release|Any CPU.ActiveCfg = Release|Any CPU
		{D0BFCD58-4FAE-4E46-986C-2D755A6D3DE5}.Release|Any CPU.Build.0 = Release|Any CPU
		{1B29FFC2-42F4-4E00-8F0B-393BB2308368}.Debug|Any CPU.ActiveCfg = Debug|Any CPU
		{1B29FFC2-42F4-4E00-8F0B-393BB2308368}.Debug|Any CPU.Build.0 = Debug|Any CPU
		{1B29FFC2-42F4-4E00-8F0B-393BB2308368}.Release|Any CPU.ActiveCfg = Release|Any CPU
		{1B29FFC2-42F4-4E00-8F0B-393BB2308368}.Release|Any CPU.Build.0 = Release|Any CPU
		{62EA053C-21A2-4D4A-B77A-13A6EDB643C6}.Debug|Any CPU.ActiveCfg = Debug|Any CPU
		{62EA053C-21A2-4D4A-B77A-13A6EDB643C6}.Debug|Any CPU.Build.0 = Debug|Any CPU
		{62EA053C-21A2-4D4A-B77A-13A6EDB643C6}.Release|Any CPU.ActiveCfg = Release|Any CPU
		{62EA053C-21A2-4D4A-B77A-13A6EDB643C6}.Release|Any CPU.Build.0 = Release|Any CPU
		{3CE135EA-44D1-4472-A44C-44CACA66714E}.Debug|Any CPU.ActiveCfg = Debug|Any CPU
		{3CE135EA-44D1-4472-A44C-44CACA66714E}.Debug|Any CPU.Build.0 = Debug|Any CPU
		{3CE135EA-44D1-4472-A44C-44CACA66714E}.Release|Any CPU.ActiveCfg = Release|Any CPU
		{3CE135EA-44D1-4472-A44C-44CACA66714E}.Release|Any CPU.Build.0 = Release|Any CPU
		{6915C75C-4089-433B-9C09-3401AF7D59F7}.Debug|Any CPU.ActiveCfg = Debug|Any CPU
		{6915C75C-4089-433B-9C09-3401AF7D59F7}.Debug|Any CPU.Build.0 = Debug|Any CPU
		{6915C75C-4089-433B-9C09-3401AF7D59F7}.Release|Any CPU.ActiveCfg = Release|Any CPU
		{6915C75C-4089-433B-9C09-3401AF7D59F7}.Release|Any CPU.Build.0 = Release|Any CPU
		{776AC619-30ED-4F82-B2A4-1645E0156941}.Debug|Any CPU.ActiveCfg = Debug|Any CPU
		{776AC619-30ED-4F82-B2A4-1645E0156941}.Debug|Any CPU.Build.0 = Debug|Any CPU
		{776AC619-30ED-4F82-B2A4-1645E0156941}.Release|Any CPU.ActiveCfg = Release|Any CPU
		{776AC619-30ED-4F82-B2A4-1645E0156941}.Release|Any CPU.Build.0 = Release|Any CPU
	EndGlobalSection
	GlobalSection(SolutionProperties) = preSolution
		HideSolutionNode = FALSE
	EndGlobalSection
	GlobalSection(ExtensibilityGlobals) = postSolution
		SolutionGuid = {46169205-31A0-4AE9-93CF-74219A414B35}
	EndGlobalSection
EndGlobal
