
Microsoft Visual Studio Solution File, Format Version 12.00
# Visual Studio Version 17
VisualStudioVersion = 17.4.33403.182
MinimumVisualStudioVersion = 10.0.40219.1
Project("{FAE04EC0-301F-11D3-BF4B-00C04F79EFBC}") = "ExamPrep 1", "ExamPrep 1\ExamPrep 1.csproj", "{0A0FF2DB-7CA1-4106-8142-4416850753EE}"
EndProject
Project("{FAE04EC0-301F-11D3-BF4B-00C04F79EFBC}") = "ExamPrep 2", "ExamPrep 2\ExamPrep 2.csproj", "{6888B30B-4012-4080-80CE-018F05F3EF94}"
EndProject
Project("{FAE04EC0-301F-11D3-BF4B-00C04F79EFBC}") = "ExamPrep 3", "ExamPrep 3\ExamPrep 3.csproj", "{EB6CD4F5-DDB6-4048-8A14-2C1681716DE5}"
EndProject
Project("{FAE04EC0-301F-11D3-BF4B-00C04F79EFBC}") = "ExamPrep 4", "ExamPrep 4\ExamPrep 4.csproj", "{7E84830D-91F0-419F-9F57-A89B790432C5}"
EndProject
Project("{FAE04EC0-301F-11D3-BF4B-00C04F79EFBC}") = "Exam Prep 5", "Exam Prep 5\Exam Prep 5.csproj", "{D1A7B87B-C0D8-4D0D-9EDB-9E8CEBD87FCF}"
EndProject
Project("{FAE04EC0-301F-11D3-BF4B-00C04F79EFBC}") = "Exam 1", "ExamPrep 6\Exam 1.csproj", "{20685A5B-60E7-4EF4-9C47-92672901D997}"
EndProject
Project("{FAE04EC0-301F-11D3-BF4B-00C04F79EFBC}") = "Exam 2", "Exam 2\Exam 2.csproj", "{051D8D9D-A0C0-4ED8-AE3F-1D6B7B6EB0E1}"
EndProject
Project("{FAE04EC0-301F-11D3-BF4B-00C04F79EFBC}") = "Exam 3", "Exam 3\Exam 3.csproj", "{7F60C301-5ADE-47BF-BE57-9F52E4011501}"
EndProject
Project("{FAE04EC0-301F-11D3-BF4B-00C04F79EFBC}") = "Exam 4", "Exam 4\Exam 4.csproj", "{59D68002-F159-4A57-A661-64F0BBEA2177}"
EndProject
Project("{FAE04EC0-301F-11D3-BF4B-00C04F79EFBC}") = "Exam 5", "Exam 5\Exam 5.csproj", "{0F59038F-D98E-4B37-83AD-19E996E310ED}"
EndProject
Project("{FAE04EC0-301F-11D3-BF4B-00C04F79EFBC}") = "Exam 6", "Exam 6\Exam 6.csproj", "{C1CD4822-010A-4EEE-BA2F-48DB2BA9ACF4}"
EndProject
Global
	GlobalSection(SolutionConfigurationPlatforms) = preSolution
		Debug|Any CPU = Debug|Any CPU
		Release|Any CPU = Release|Any CPU
	EndGlobalSection
	GlobalSection(ProjectConfigurationPlatforms) = postSolution
		{0A0FF2DB-7CA1-4106-8142-4416850753EE}.Debug|Any CPU.ActiveCfg = Debug|Any CPU
		{0A0FF2DB-7CA1-4106-8142-4416850753EE}.Debug|Any CPU.Build.0 = Debug|Any CPU
		{0A0FF2DB-7CA1-4106-8142-4416850753EE}.Release|Any CPU.ActiveCfg = Release|Any CPU
		{0A0FF2DB-7CA1-4106-8142-4416850753EE}.Release|Any CPU.Build.0 = Release|Any CPU
		{6888B30B-4012-4080-80CE-018F05F3EF94}.Debug|Any CPU.ActiveCfg = Debug|Any CPU
		{6888B30B-4012-4080-80CE-018F05F3EF94}.Debug|Any CPU.Build.0 = Debug|Any CPU
		{6888B30B-4012-4080-80CE-018F05F3EF94}.Release|Any CPU.ActiveCfg = Release|Any CPU
		{6888B30B-4012-4080-80CE-018F05F3EF94}.Release|Any CPU.Build.0 = Release|Any CPU
		{EB6CD4F5-DDB6-4048-8A14-2C1681716DE5}.Debug|Any CPU.ActiveCfg = Debug|Any CPU
		{EB6CD4F5-DDB6-4048-8A14-2C1681716DE5}.Debug|Any CPU.Build.0 = Debug|Any CPU
		{EB6CD4F5-DDB6-4048-8A14-2C1681716DE5}.Release|Any CPU.ActiveCfg = Release|Any CPU
		{EB6CD4F5-DDB6-4048-8A14-2C1681716DE5}.Release|Any CPU.Build.0 = Release|Any CPU
		{7E84830D-91F0-419F-9F57-A89B790432C5}.Debug|Any CPU.ActiveCfg = Debug|Any CPU
		{7E84830D-91F0-419F-9F57-A89B790432C5}.Debug|Any CPU.Build.0 = Debug|Any CPU
		{7E84830D-91F0-419F-9F57-A89B790432C5}.Release|Any CPU.ActiveCfg = Release|Any CPU
		{7E84830D-91F0-419F-9F57-A89B790432C5}.Release|Any CPU.Build.0 = Release|Any CPU
		{D1A7B87B-C0D8-4D0D-9EDB-9E8CEBD87FCF}.Debug|Any CPU.ActiveCfg = Debug|Any CPU
		{D1A7B87B-C0D8-4D0D-9EDB-9E8CEBD87FCF}.Debug|Any CPU.Build.0 = Debug|Any CPU
		{D1A7B87B-C0D8-4D0D-9EDB-9E8CEBD87FCF}.Release|Any CPU.ActiveCfg = Release|Any CPU
		{D1A7B87B-C0D8-4D0D-9EDB-9E8CEBD87FCF}.Release|Any CPU.Build.0 = Release|Any CPU
		{20685A5B-60E7-4EF4-9C47-92672901D997}.Debug|Any CPU.ActiveCfg = Debug|Any CPU
		{20685A5B-60E7-4EF4-9C47-92672901D997}.Debug|Any CPU.Build.0 = Debug|Any CPU
		{20685A5B-60E7-4EF4-9C47-92672901D997}.Release|Any CPU.ActiveCfg = Release|Any CPU
		{20685A5B-60E7-4EF4-9C47-92672901D997}.Release|Any CPU.Build.0 = Release|Any CPU
		{051D8D9D-A0C0-4ED8-AE3F-1D6B7B6EB0E1}.Debug|Any CPU.ActiveCfg = Debug|Any CPU
		{051D8D9D-A0C0-4ED8-AE3F-1D6B7B6EB0E1}.Debug|Any CPU.Build.0 = Debug|Any CPU
		{051D8D9D-A0C0-4ED8-AE3F-1D6B7B6EB0E1}.Release|Any CPU.ActiveCfg = Release|Any CPU
		{051D8D9D-A0C0-4ED8-AE3F-1D6B7B6EB0E1}.Release|Any CPU.Build.0 = Release|Any CPU
		{7F60C301-5ADE-47BF-BE57-9F52E4011501}.Debug|Any CPU.ActiveCfg = Debug|Any CPU
		{7F60C301-5ADE-47BF-BE57-9F52E4011501}.Debug|Any CPU.Build.0 = Debug|Any CPU
		{7F60C301-5ADE-47BF-BE57-9F52E4011501}.Release|Any CPU.ActiveCfg = Release|Any CPU
		{7F60C301-5ADE-47BF-BE57-9F52E4011501}.Release|Any CPU.Build.0 = Release|Any CPU
		{59D68002-F159-4A57-A661-64F0BBEA2177}.Debug|Any CPU.ActiveCfg = Debug|Any CPU
		{59D68002-F159-4A57-A661-64F0BBEA2177}.Debug|Any CPU.Build.0 = Debug|Any CPU
		{59D68002-F159-4A57-A661-64F0BBEA2177}.Release|Any CPU.ActiveCfg = Release|Any CPU
		{59D68002-F159-4A57-A661-64F0BBEA2177}.Release|Any CPU.Build.0 = Release|Any CPU
		{0F59038F-D98E-4B37-83AD-19E996E310ED}.Debug|Any CPU.ActiveCfg = Debug|Any CPU
		{0F59038F-D98E-4B37-83AD-19E996E310ED}.Debug|Any CPU.Build.0 = Debug|Any CPU
		{0F59038F-D98E-4B37-83AD-19E996E310ED}.Release|Any CPU.ActiveCfg = Release|Any CPU
		{0F59038F-D98E-4B37-83AD-19E996E310ED}.Release|Any CPU.Build.0 = Release|Any CPU
		{C1CD4822-010A-4EEE-BA2F-48DB2BA9ACF4}.Debug|Any CPU.ActiveCfg = Debug|Any CPU
		{C1CD4822-010A-4EEE-BA2F-48DB2BA9ACF4}.Debug|Any CPU.Build.0 = Debug|Any CPU
		{C1CD4822-010A-4EEE-BA2F-48DB2BA9ACF4}.Release|Any CPU.ActiveCfg = Release|Any CPU
		{C1CD4822-010A-4EEE-BA2F-48DB2BA9ACF4}.Release|Any CPU.Build.0 = Release|Any CPU
	EndGlobalSection
	GlobalSection(SolutionProperties) = preSolution
		HideSolutionNode = FALSE
	EndGlobalSection
	GlobalSection(ExtensibilityGlobals) = postSolution
		SolutionGuid = {C808A1E9-BE46-47F3-8B16-DB428C8A233B}
	EndGlobalSection
EndGlobal
