
Microsoft Visual Studio Solution File, Format Version 12.00
# Visual Studio Version 17
VisualStudioVersion = 17.4.33403.182
MinimumVisualStudioVersion = 10.0.40219.1
Project("{FAE04EC0-301F-11D3-BF4B-00C04F79EFBC}") = "Zad1", "Zad1\Zad1.csproj", "{328C31E2-50BB-46AA-93D5-FBEDEDBA1753}"
EndProject
Project("{FAE04EC0-301F-11D3-BF4B-00C04F79EFBC}") = "Zad2", "Zad2\Zad2.csproj", "{6A110ECC-8855-424F-B503-56DA5FA7A0EB}"
EndProject
Project("{FAE04EC0-301F-11D3-BF4B-00C04F79EFBC}") = "Zad3", "Zad3\Zad3.csproj", "{B5A9FC00-2097-4F87-B133-AAA40629509A}"
EndProject
Project("{FAE04EC0-301F-11D3-BF4B-00C04F79EFBC}") = "Zad4", "Zad4\Zad4.csproj", "{416252DB-96E3-43E5-90AA-DBBF760016AB}"
EndProject
Project("{FAE04EC0-301F-11D3-BF4B-00C04F79EFBC}") = "Zad5", "Zad5\Zad5.csproj", "{F3F6566F-5742-47EF-B866-370BBF94AAA4}"
EndProject
Global
	GlobalSection(SolutionConfigurationPlatforms) = preSolution
		Debug|Any CPU = Debug|Any CPU
		Release|Any CPU = Release|Any CPU
	EndGlobalSection
	GlobalSection(ProjectConfigurationPlatforms) = postSolution
		{328C31E2-50BB-46AA-93D5-FBEDEDBA1753}.Debug|Any CPU.ActiveCfg = Debug|Any CPU
		{328C31E2-50BB-46AA-93D5-FBEDEDBA1753}.Debug|Any CPU.Build.0 = Debug|Any CPU
		{328C31E2-50BB-46AA-93D5-FBEDEDBA1753}.Release|Any CPU.ActiveCfg = Release|Any CPU
		{328C31E2-50BB-46AA-93D5-FBEDEDBA1753}.Release|Any CPU.Build.0 = Release|Any CPU
		{6A110ECC-8855-424F-B503-56DA5FA7A0EB}.Debug|Any CPU.ActiveCfg = Debug|Any CPU
		{6A110ECC-8855-424F-B503-56DA5FA7A0EB}.Debug|Any CPU.Build.0 = Debug|Any CPU
		{6A110ECC-8855-424F-B503-56DA5FA7A0EB}.Release|Any CPU.ActiveCfg = Release|Any CPU
		{6A110ECC-8855-424F-B503-56DA5FA7A0EB}.Release|Any CPU.Build.0 = Release|Any CPU
		{B5A9FC00-2097-4F87-B133-AAA40629509A}.Debug|Any CPU.ActiveCfg = Debug|Any CPU
		{B5A9FC00-2097-4F87-B133-AAA40629509A}.Debug|Any CPU.Build.0 = Debug|Any CPU
		{B5A9FC00-2097-4F87-B133-AAA40629509A}.Release|Any CPU.ActiveCfg = Release|Any CPU
		{B5A9FC00-2097-4F87-B133-AAA40629509A}.Release|Any CPU.Build.0 = Release|Any CPU
		{416252DB-96E3-43E5-90AA-DBBF760016AB}.Debug|Any CPU.ActiveCfg = Debug|Any CPU
		{416252DB-96E3-43E5-90AA-DBBF760016AB}.Debug|Any CPU.Build.0 = Debug|Any CPU
		{416252DB-96E3-43E5-90AA-DBBF760016AB}.Release|Any CPU.ActiveCfg = Release|Any CPU
		{416252DB-96E3-43E5-90AA-DBBF760016AB}.Release|Any CPU.Build.0 = Release|Any CPU
		{F3F6566F-5742-47EF-B866-370BBF94AAA4}.Debug|Any CPU.ActiveCfg = Debug|Any CPU
		{F3F6566F-5742-47EF-B866-370BBF94AAA4}.Debug|Any CPU.Build.0 = Debug|Any CPU
		{F3F6566F-5742-47EF-B866-370BBF94AAA4}.Release|Any CPU.ActiveCfg = Release|Any CPU
		{F3F6566F-5742-47EF-B866-370BBF94AAA4}.Release|Any CPU.Build.0 = Release|Any CPU
	EndGlobalSection
	GlobalSection(SolutionProperties) = preSolution
		HideSolutionNode = FALSE
	EndGlobalSection
	GlobalSection(ExtensibilityGlobals) = postSolution
		SolutionGuid = {3DEEB79B-C167-44A4-B853-86EB9B6D0033}
	EndGlobalSection
EndGlobal
