
Microsoft Visual Studio Solution File, Format Version 12.00
# Visual Studio Version 17
VisualStudioVersion = 17.4.33403.182
MinimumVisualStudioVersion = 10.0.40219.1
Project("{FAE04EC0-301F-11D3-BF4B-00C04F79EFBC}") = "Zad1", "Zad1\Zad1.csproj", "{37A37A59-FCB4-424A-81C4-A4FAD7A7843A}"
EndProject
Project("{FAE04EC0-301F-11D3-BF4B-00C04F79EFBC}") = "Zad2", "Zad2\Zad2.csproj", "{88BC4A23-A6C0-4789-B123-5E1018F7378D}"
EndProject
Project("{FAE04EC0-301F-11D3-BF4B-00C04F79EFBC}") = "proverka na opredelena cifra ot chislo (otzad-napred)", "demo\proverka na opredelena cifra ot chislo (otzad-napred).csproj", "{D5795712-741E-417A-9FEB-D1D2BAFE58FD}"
EndProject
Project("{FAE04EC0-301F-11D3-BF4B-00C04F79EFBC}") = "zad3", "zad3\zad3.csproj", "{238A3C20-4E3E-45D0-8162-AEFA8BE5AFE5}"
EndProject
Project("{FAE04EC0-301F-11D3-BF4B-00C04F79EFBC}") = "Zad4", "Zad4\Zad4.csproj", "{D65592DE-7A4A-4D1E-8638-E0BB88720337}"
EndProject
Project("{FAE04EC0-301F-11D3-BF4B-00C04F79EFBC}") = "Zad5", "Zad5\Zad5.csproj", "{33DD42D3-CED6-4764-A976-98348F76860B}"
EndProject
Global
	GlobalSection(SolutionConfigurationPlatforms) = preSolution
		Debug|Any CPU = Debug|Any CPU
		Release|Any CPU = Release|Any CPU
	EndGlobalSection
	GlobalSection(ProjectConfigurationPlatforms) = postSolution
		{37A37A59-FCB4-424A-81C4-A4FAD7A7843A}.Debug|Any CPU.ActiveCfg = Debug|Any CPU
		{37A37A59-FCB4-424A-81C4-A4FAD7A7843A}.Debug|Any CPU.Build.0 = Debug|Any CPU
		{37A37A59-FCB4-424A-81C4-A4FAD7A7843A}.Release|Any CPU.ActiveCfg = Release|Any CPU
		{37A37A59-FCB4-424A-81C4-A4FAD7A7843A}.Release|Any CPU.Build.0 = Release|Any CPU
		{88BC4A23-A6C0-4789-B123-5E1018F7378D}.Debug|Any CPU.ActiveCfg = Debug|Any CPU
		{88BC4A23-A6C0-4789-B123-5E1018F7378D}.Debug|Any CPU.Build.0 = Debug|Any CPU
		{88BC4A23-A6C0-4789-B123-5E1018F7378D}.Release|Any CPU.ActiveCfg = Release|Any CPU
		{88BC4A23-A6C0-4789-B123-5E1018F7378D}.Release|Any CPU.Build.0 = Release|Any CPU
		{D5795712-741E-417A-9FEB-D1D2BAFE58FD}.Debug|Any CPU.ActiveCfg = Debug|Any CPU
		{D5795712-741E-417A-9FEB-D1D2BAFE58FD}.Debug|Any CPU.Build.0 = Debug|Any CPU
		{D5795712-741E-417A-9FEB-D1D2BAFE58FD}.Release|Any CPU.ActiveCfg = Release|Any CPU
		{D5795712-741E-417A-9FEB-D1D2BAFE58FD}.Release|Any CPU.Build.0 = Release|Any CPU
		{238A3C20-4E3E-45D0-8162-AEFA8BE5AFE5}.Debug|Any CPU.ActiveCfg = Debug|Any CPU
		{238A3C20-4E3E-45D0-8162-AEFA8BE5AFE5}.Debug|Any CPU.Build.0 = Debug|Any CPU
		{238A3C20-4E3E-45D0-8162-AEFA8BE5AFE5}.Release|Any CPU.ActiveCfg = Release|Any CPU
		{238A3C20-4E3E-45D0-8162-AEFA8BE5AFE5}.Release|Any CPU.Build.0 = Release|Any CPU
		{D65592DE-7A4A-4D1E-8638-E0BB88720337}.Debug|Any CPU.ActiveCfg = Debug|Any CPU
		{D65592DE-7A4A-4D1E-8638-E0BB88720337}.Debug|Any CPU.Build.0 = Debug|Any CPU
		{D65592DE-7A4A-4D1E-8638-E0BB88720337}.Release|Any CPU.ActiveCfg = Release|Any CPU
		{D65592DE-7A4A-4D1E-8638-E0BB88720337}.Release|Any CPU.Build.0 = Release|Any CPU
		{33DD42D3-CED6-4764-A976-98348F76860B}.Debug|Any CPU.ActiveCfg = Debug|Any CPU
		{33DD42D3-CED6-4764-A976-98348F76860B}.Debug|Any CPU.Build.0 = Debug|Any CPU
		{33DD42D3-CED6-4764-A976-98348F76860B}.Release|Any CPU.ActiveCfg = Release|Any CPU
		{33DD42D3-CED6-4764-A976-98348F76860B}.Release|Any CPU.Build.0 = Release|Any CPU
	EndGlobalSection
	GlobalSection(SolutionProperties) = preSolution
		HideSolutionNode = FALSE
	EndGlobalSection
	GlobalSection(ExtensibilityGlobals) = postSolution
		SolutionGuid = {5836C194-4D6B-4686-ADB4-B9795CECAF95}
	EndGlobalSection
EndGlobal
