
Microsoft Visual Studio Solution File, Format Version 12.00
# Visual Studio Version 17
VisualStudioVersion = 17.4.33403.182
MinimumVisualStudioVersion = 10.0.40219.1
Project("{FAE04EC0-301F-11D3-BF4B-00C04F79EFBC}") = "Zad1", "Zad1\Zad1.csproj", "{068ECA3C-F76D-4138-AA0A-4F3CE0F17AC4}"
EndProject
Project("{FAE04EC0-301F-11D3-BF4B-00C04F79EFBC}") = "Zad2", "Zad2\Zad2.csproj", "{EBEB58C1-2E7D-4C36-A01A-4D843B73B38B}"
EndProject
Project("{FAE04EC0-301F-11D3-BF4B-00C04F79EFBC}") = "Zad3", "Zad3\Zad3.csproj", "{2E8C76F2-75E0-4DAE-99DF-61EED88A0074}"
EndProject
Project("{FAE04EC0-301F-11D3-BF4B-00C04F79EFBC}") = "Zad4", "Zad4\Zad4.csproj", "{6A05D19C-BB1A-4EB4-99AD-1BC573C287E2}"
EndProject
Project("{FAE04EC0-301F-11D3-BF4B-00C04F79EFBC}") = "Zad5", "Zad5\Zad5.csproj", "{6E63ECB3-4EF6-4614-BF2A-8DB2952BF0EC}"
EndProject
Global
	GlobalSection(SolutionConfigurationPlatforms) = preSolution
		Debug|Any CPU = Debug|Any CPU
		Release|Any CPU = Release|Any CPU
	EndGlobalSection
	GlobalSection(ProjectConfigurationPlatforms) = postSolution
		{068ECA3C-F76D-4138-AA0A-4F3CE0F17AC4}.Debug|Any CPU.ActiveCfg = Debug|Any CPU
		{068ECA3C-F76D-4138-AA0A-4F3CE0F17AC4}.Debug|Any CPU.Build.0 = Debug|Any CPU
		{068ECA3C-F76D-4138-AA0A-4F3CE0F17AC4}.Release|Any CPU.ActiveCfg = Release|Any CPU
		{068ECA3C-F76D-4138-AA0A-4F3CE0F17AC4}.Release|Any CPU.Build.0 = Release|Any CPU
		{EBEB58C1-2E7D-4C36-A01A-4D843B73B38B}.Debug|Any CPU.ActiveCfg = Debug|Any CPU
		{EBEB58C1-2E7D-4C36-A01A-4D843B73B38B}.Debug|Any CPU.Build.0 = Debug|Any CPU
		{EBEB58C1-2E7D-4C36-A01A-4D843B73B38B}.Release|Any CPU.ActiveCfg = Release|Any CPU
		{EBEB58C1-2E7D-4C36-A01A-4D843B73B38B}.Release|Any CPU.Build.0 = Release|Any CPU
		{2E8C76F2-75E0-4DAE-99DF-61EED88A0074}.Debug|Any CPU.ActiveCfg = Debug|Any CPU
		{2E8C76F2-75E0-4DAE-99DF-61EED88A0074}.Debug|Any CPU.Build.0 = Debug|Any CPU
		{2E8C76F2-75E0-4DAE-99DF-61EED88A0074}.Release|Any CPU.ActiveCfg = Release|Any CPU
		{2E8C76F2-75E0-4DAE-99DF-61EED88A0074}.Release|Any CPU.Build.0 = Release|Any CPU
		{6A05D19C-BB1A-4EB4-99AD-1BC573C287E2}.Debug|Any CPU.ActiveCfg = Debug|Any CPU
		{6A05D19C-BB1A-4EB4-99AD-1BC573C287E2}.Debug|Any CPU.Build.0 = Debug|Any CPU
		{6A05D19C-BB1A-4EB4-99AD-1BC573C287E2}.Release|Any CPU.ActiveCfg = Release|Any CPU
		{6A05D19C-BB1A-4EB4-99AD-1BC573C287E2}.Release|Any CPU.Build.0 = Release|Any CPU
		{6E63ECB3-4EF6-4614-BF2A-8DB2952BF0EC}.Debug|Any CPU.ActiveCfg = Debug|Any CPU
		{6E63ECB3-4EF6-4614-BF2A-8DB2952BF0EC}.Debug|Any CPU.Build.0 = Debug|Any CPU
		{6E63ECB3-4EF6-4614-BF2A-8DB2952BF0EC}.Release|Any CPU.ActiveCfg = Release|Any CPU
		{6E63ECB3-4EF6-4614-BF2A-8DB2952BF0EC}.Release|Any CPU.Build.0 = Release|Any CPU
	EndGlobalSection
	GlobalSection(SolutionProperties) = preSolution
		HideSolutionNode = FALSE
	EndGlobalSection
	GlobalSection(ExtensibilityGlobals) = postSolution
		SolutionGuid = {C11AED61-13AD-42C4-9BA5-FD1091A3DF1F}
	EndGlobalSection
EndGlobal
