
Microsoft Visual Studio Solution File, Format Version 12.00
# Visual Studio Version 17
VisualStudioVersion = 17.4.33403.182
MinimumVisualStudioVersion = 10.0.40219.1
Project("{FAE04EC0-301F-11D3-BF4B-00C04F79EFBC}") = "Zad1", "Zad1\Zad1.csproj", "{62429F6F-C90E-4602-AE7F-55675F92BA2C}"
EndProject
Project("{FAE04EC0-301F-11D3-BF4B-00C04F79EFBC}") = "SwitchFunction", "SwitchFunction\SwitchFunction.csproj", "{13BCD64A-741E-42B0-AEAD-E3D51B54FC21}"
EndProject
Project("{FAE04EC0-301F-11D3-BF4B-00C04F79EFBC}") = "Zad2", "Zad2\Zad2.csproj", "{42CAAAE7-F721-4AD3-B485-17B6E5EF7BD8}"
EndProject
Project("{FAE04EC0-301F-11D3-BF4B-00C04F79EFBC}") = "Zad4", "Zad3\Zad4.csproj", "{6791E009-89EB-4B5B-BF34-8F37A9116B03}"
EndProject
Project("{FAE04EC0-301F-11D3-BF4B-00C04F79EFBC}") = "Zad5", "Zad5\Zad5.csproj", "{FBB630F1-8317-4F6D-9C77-3112A0DD3BBD}"
EndProject
Project("{FAE04EC0-301F-11D3-BF4B-00C04F79EFBC}") = "Zad8", "Zad6\Zad8.csproj", "{3BED0EE4-7D44-47DC-8B15-F5CD16574ACC}"
EndProject
Global
	GlobalSection(SolutionConfigurationPlatforms) = preSolution
		Debug|Any CPU = Debug|Any CPU
		Release|Any CPU = Release|Any CPU
	EndGlobalSection
	GlobalSection(ProjectConfigurationPlatforms) = postSolution
		{62429F6F-C90E-4602-AE7F-55675F92BA2C}.Debug|Any CPU.ActiveCfg = Debug|Any CPU
		{62429F6F-C90E-4602-AE7F-55675F92BA2C}.Debug|Any CPU.Build.0 = Debug|Any CPU
		{62429F6F-C90E-4602-AE7F-55675F92BA2C}.Release|Any CPU.ActiveCfg = Release|Any CPU
		{62429F6F-C90E-4602-AE7F-55675F92BA2C}.Release|Any CPU.Build.0 = Release|Any CPU
		{13BCD64A-741E-42B0-AEAD-E3D51B54FC21}.Debug|Any CPU.ActiveCfg = Debug|Any CPU
		{13BCD64A-741E-42B0-AEAD-E3D51B54FC21}.Debug|Any CPU.Build.0 = Debug|Any CPU
		{13BCD64A-741E-42B0-AEAD-E3D51B54FC21}.Release|Any CPU.ActiveCfg = Release|Any CPU
		{13BCD64A-741E-42B0-AEAD-E3D51B54FC21}.Release|Any CPU.Build.0 = Release|Any CPU
		{42CAAAE7-F721-4AD3-B485-17B6E5EF7BD8}.Debug|Any CPU.ActiveCfg = Debug|Any CPU
		{42CAAAE7-F721-4AD3-B485-17B6E5EF7BD8}.Debug|Any CPU.Build.0 = Debug|Any CPU
		{42CAAAE7-F721-4AD3-B485-17B6E5EF7BD8}.Release|Any CPU.ActiveCfg = Release|Any CPU
		{42CAAAE7-F721-4AD3-B485-17B6E5EF7BD8}.Release|Any CPU.Build.0 = Release|Any CPU
		{6791E009-89EB-4B5B-BF34-8F37A9116B03}.Debug|Any CPU.ActiveCfg = Debug|Any CPU
		{6791E009-89EB-4B5B-BF34-8F37A9116B03}.Debug|Any CPU.Build.0 = Debug|Any CPU
		{6791E009-89EB-4B5B-BF34-8F37A9116B03}.Release|Any CPU.ActiveCfg = Release|Any CPU
		{6791E009-89EB-4B5B-BF34-8F37A9116B03}.Release|Any CPU.Build.0 = Release|Any CPU
		{FBB630F1-8317-4F6D-9C77-3112A0DD3BBD}.Debug|Any CPU.ActiveCfg = Debug|Any CPU
		{FBB630F1-8317-4F6D-9C77-3112A0DD3BBD}.Debug|Any CPU.Build.0 = Debug|Any CPU
		{FBB630F1-8317-4F6D-9C77-3112A0DD3BBD}.Release|Any CPU.ActiveCfg = Release|Any CPU
		{FBB630F1-8317-4F6D-9C77-3112A0DD3BBD}.Release|Any CPU.Build.0 = Release|Any CPU
		{3BED0EE4-7D44-47DC-8B15-F5CD16574ACC}.Debug|Any CPU.ActiveCfg = Debug|Any CPU
		{3BED0EE4-7D44-47DC-8B15-F5CD16574ACC}.Debug|Any CPU.Build.0 = Debug|Any CPU
		{3BED0EE4-7D44-47DC-8B15-F5CD16574ACC}.Release|Any CPU.ActiveCfg = Release|Any CPU
		{3BED0EE4-7D44-47DC-8B15-F5CD16574ACC}.Release|Any CPU.Build.0 = Release|Any CPU
	EndGlobalSection
	GlobalSection(SolutionProperties) = preSolution
		HideSolutionNode = FALSE
	EndGlobalSection
	GlobalSection(ExtensibilityGlobals) = postSolution
		SolutionGuid = {7E37E1DD-660B-4E3A-9794-C930FB26DA8C}
	EndGlobalSection
EndGlobal
